
Microsoft Visual Studio Solution File, Format Version 12.00
# Visual Studio Version 16
VisualStudioVersion = 16.0.29926.136
MinimumVisualStudioVersion = 10.0.40219.1
Project("{FAE04EC0-301F-11D3-BF4B-00C04F79EFBC}") = "CSharp-Attribute", "CSharp-Attribute.csproj", "{5461E9A2-6E73-4CF6-81BB-C59957B0E14F}"
EndProject
Project("{FAE04EC0-301F-11D3-BF4B-00C04F79EFBC}") = "Attributes", "..\Attributes\Attributes.csproj", "{D2E7FA93-5E1E-47B4-BBDE-A27739B8125C}"
EndProject
Project("{FAE04EC0-301F-11D3-BF4B-00C04F79EFBC}") = "Model", "..\Model\Model.csproj", "{CF898352-85A5-4A91-B991-FF42569C7021}"
EndProject
Global
	GlobalSection(SolutionConfigurationPlatforms) = preSolution
		Debug|Any CPU = Debug|Any CPU
		Release|Any CPU = Release|Any CPU
	EndGlobalSection
	GlobalSection(ProjectConfigurationPlatforms) = postSolution
		{5461E9A2-6E73-4CF6-81BB-C59957B0E14F}.Debug|Any CPU.ActiveCfg = Debug|Any CPU
		{5461E9A2-6E73-4CF6-81BB-C59957B0E14F}.Debug|Any CPU.Build.0 = Debug|Any CPU
		{5461E9A2-6E73-4CF6-81BB-C59957B0E14F}.Release|Any CPU.ActiveCfg = Release|Any CPU
		{5461E9A2-6E73-4CF6-81BB-C59957B0E14F}.Release|Any CPU.Build.0 = Release|Any CPU
		{D2E7FA93-5E1E-47B4-BBDE-A27739B8125C}.Debug|Any CPU.ActiveCfg = Debug|Any CPU
		{D2E7FA93-5E1E-47B4-BBDE-A27739B8125C}.Debug|Any CPU.Build.0 = Debug|Any CPU
		{D2E7FA93-5E1E-47B4-BBDE-A27739B8125C}.Release|Any CPU.ActiveCfg = Release|Any CPU
		{D2E7FA93-5E1E-47B4-BBDE-A27739B8125C}.Release|Any CPU.Build.0 = Release|Any CPU
		{CF898352-85A5-4A91-B991-FF42569C7021}.Debug|Any CPU.ActiveCfg = Debug|Any CPU
		{CF898352-85A5-4A91-B991-FF42569C7021}.Debug|Any CPU.Build.0 = Debug|Any CPU
		{CF898352-85A5-4A91-B991-FF42569C7021}.Release|Any CPU.ActiveCfg = Release|Any CPU
		{CF898352-85A5-4A91-B991-FF42569C7021}.Release|Any CPU.Build.0 = Release|Any CPU
	EndGlobalSection
	GlobalSection(SolutionProperties) = preSolution
		HideSolutionNode = FALSE
	EndGlobalSection
	GlobalSection(ExtensibilityGlobals) = postSolution
		SolutionGuid = {A8F21D12-DEEE-42D9-962C-DE3488875B00}
	EndGlobalSection
EndGlobal
